
Microsoft Visual Studio Solution File, Format Version 12.00
# Visual Studio Version 17
VisualStudioVersion = 17.1.32319.34
MinimumVisualStudioVersion = 10.0.40219.1
Project("{9A19103F-16F7-4668-BE54-9A1E7A4F7556}") = "EternalFS.Library", "EternalFS.Library\EternalFS.Library.csproj", "{AE171C23-0055-4DE8-B768-E21BD8D51A74}"
EndProject
Project("{9A19103F-16F7-4668-BE54-9A1E7A4F7556}") = "EternalFS.Sample", "EternalFS.Sample\EternalFS.Sample.csproj", "{9454C058-F082-4907-B282-152E0B31558E}"
EndProject
Project("{FAE04EC0-301F-11D3-BF4B-00C04F79EFBC}") = "EternalFS.Generator", "EternalFS.Generator\EternalFS.Generator.csproj", "{797C0AD3-452E-4B64-AC07-A5BD8EFA6860}"
EndProject
Global
	GlobalSection(SolutionConfigurationPlatforms) = preSolution
		Debug|Any CPU = Debug|Any CPU
		Release|Any CPU = Release|Any CPU
	EndGlobalSection
	GlobalSection(ProjectConfigurationPlatforms) = postSolution
		{AE171C23-0055-4DE8-B768-E21BD8D51A74}.Debug|Any CPU.ActiveCfg = Debug|Any CPU
		{AE171C23-0055-4DE8-B768-E21BD8D51A74}.Debug|Any CPU.Build.0 = Debug|Any CPU
		{AE171C23-0055-4DE8-B768-E21BD8D51A74}.Release|Any CPU.ActiveCfg = Release|Any CPU
		{AE171C23-0055-4DE8-B768-E21BD8D51A74}.Release|Any CPU.Build.0 = Release|Any CPU
		{9454C058-F082-4907-B282-152E0B31558E}.Debug|Any CPU.ActiveCfg = Debug|Any CPU
		{9454C058-F082-4907-B282-152E0B31558E}.Debug|Any CPU.Build.0 = Debug|Any CPU
		{9454C058-F082-4907-B282-152E0B31558E}.Release|Any CPU.ActiveCfg = Release|Any CPU
		{9454C058-F082-4907-B282-152E0B31558E}.Release|Any CPU.Build.0 = Release|Any CPU
		{797C0AD3-452E-4B64-AC07-A5BD8EFA6860}.Debug|Any CPU.ActiveCfg = Debug|Any CPU
		{797C0AD3-452E-4B64-AC07-A5BD8EFA6860}.Debug|Any CPU.Build.0 = Debug|Any CPU
		{797C0AD3-452E-4B64-AC07-A5BD8EFA6860}.Release|Any CPU.ActiveCfg = Release|Any CPU
		{797C0AD3-452E-4B64-AC07-A5BD8EFA6860}.Release|Any CPU.Build.0 = Release|Any CPU
	EndGlobalSection
	GlobalSection(SolutionProperties) = preSolution
		HideSolutionNode = FALSE
	EndGlobalSection
	GlobalSection(ExtensibilityGlobals) = postSolution
		SolutionGuid = {7157EA89-33BF-4302-B32B-CCEB7BC77B75}
	EndGlobalSection
EndGlobal
