
Microsoft Visual Studio Solution File, Format Version 12.00
# Visual Studio Version 17
VisualStudioVersion = 17.1.32319.34
MinimumVisualStudioVersion = 10.0.40219.1
Project("{9A19103F-16F7-4668-BE54-9A1E7A4F7556}") = "EternalFS.Library", "EternalFS.Library\EternalFS.Library.csproj", "{AE171C23-0055-4DE8-B768-E21BD8D51A74}"
EndProject
Project("{9A19103F-16F7-4668-BE54-9A1E7A4F7556}") = "EternalFS.Sample", "EternalFS.Sample\EternalFS.Sample.csproj", "{9454C058-F082-4907-B282-152E0B31558E}"
EndProject
Project("{9A19103F-16F7-4668-BE54-9A1E7A4F7556}") = "EternalFS.Generator", "EternalFS.Generator\EternalFS.Generator.csproj", "{797C0AD3-452E-4B64-AC07-A5BD8EFA6860}"
EndProject
Project("{9A19103F-16F7-4668-BE54-9A1E7A4F7556}") = "EternalFS.Commands", "EternalFS.Commands\EternalFS.Commands.csproj", "{B3BE4B09-30AE-4EFD-80A6-E212B8873C2F}"
EndProject
Project("{2150E333-8FDC-42A3-9474-1A3956D46DE8}") = "EternalFS", "EternalFS", "{E571D506-7F8A-4565-A030-184F05876514}"
EndProject
Project("{2150E333-8FDC-42A3-9474-1A3956D46DE8}") = "Tests", "Tests", "{342E5F48-F5FA-43B4-8DE5-D16596E5F67B}"
EndProject
Project("{9A19103F-16F7-4668-BE54-9A1E7A4F7556}") = "EternalFS.Commands.Tests", "EternalFS.Commands.Tests\EternalFS.Commands.Tests.csproj", "{EC84C2CE-F42F-4C34-A88D-1BACFF318EC3}"
EndProject
Project("{9A19103F-16F7-4668-BE54-9A1E7A4F7556}") = "EternalFS.Library.Tests", "EternalFS.Library.Tests\EternalFS.Library.Tests.csproj", "{B75E32F8-557F-411E-9F82-FB1BA669FB85}"
EndProject
Global
	GlobalSection(SolutionConfigurationPlatforms) = preSolution
		Debug|Any CPU = Debug|Any CPU
		Release|Any CPU = Release|Any CPU
	EndGlobalSection
	GlobalSection(ProjectConfigurationPlatforms) = postSolution
		{AE171C23-0055-4DE8-B768-E21BD8D51A74}.Debug|Any CPU.ActiveCfg = Debug|Any CPU
		{AE171C23-0055-4DE8-B768-E21BD8D51A74}.Debug|Any CPU.Build.0 = Debug|Any CPU
		{AE171C23-0055-4DE8-B768-E21BD8D51A74}.Release|Any CPU.ActiveCfg = Release|Any CPU
		{AE171C23-0055-4DE8-B768-E21BD8D51A74}.Release|Any CPU.Build.0 = Release|Any CPU
		{9454C058-F082-4907-B282-152E0B31558E}.Debug|Any CPU.ActiveCfg = Debug|Any CPU
		{9454C058-F082-4907-B282-152E0B31558E}.Debug|Any CPU.Build.0 = Debug|Any CPU
		{9454C058-F082-4907-B282-152E0B31558E}.Release|Any CPU.ActiveCfg = Release|Any CPU
		{9454C058-F082-4907-B282-152E0B31558E}.Release|Any CPU.Build.0 = Release|Any CPU
		{797C0AD3-452E-4B64-AC07-A5BD8EFA6860}.Debug|Any CPU.ActiveCfg = Debug|Any CPU
		{797C0AD3-452E-4B64-AC07-A5BD8EFA6860}.Debug|Any CPU.Build.0 = Debug|Any CPU
		{797C0AD3-452E-4B64-AC07-A5BD8EFA6860}.Release|Any CPU.ActiveCfg = Release|Any CPU
		{797C0AD3-452E-4B64-AC07-A5BD8EFA6860}.Release|Any CPU.Build.0 = Release|Any CPU
		{B3BE4B09-30AE-4EFD-80A6-E212B8873C2F}.Debug|Any CPU.ActiveCfg = Debug|Any CPU
		{B3BE4B09-30AE-4EFD-80A6-E212B8873C2F}.Debug|Any CPU.Build.0 = Debug|Any CPU
		{B3BE4B09-30AE-4EFD-80A6-E212B8873C2F}.Release|Any CPU.ActiveCfg = Release|Any CPU
		{B3BE4B09-30AE-4EFD-80A6-E212B8873C2F}.Release|Any CPU.Build.0 = Release|Any CPU
		{EC84C2CE-F42F-4C34-A88D-1BACFF318EC3}.Debug|Any CPU.ActiveCfg = Debug|Any CPU
		{EC84C2CE-F42F-4C34-A88D-1BACFF318EC3}.Debug|Any CPU.Build.0 = Debug|Any CPU
		{EC84C2CE-F42F-4C34-A88D-1BACFF318EC3}.Release|Any CPU.ActiveCfg = Release|Any CPU
		{EC84C2CE-F42F-4C34-A88D-1BACFF318EC3}.Release|Any CPU.Build.0 = Release|Any CPU
		{B75E32F8-557F-411E-9F82-FB1BA669FB85}.Debug|Any CPU.ActiveCfg = Debug|Any CPU
		{B75E32F8-557F-411E-9F82-FB1BA669FB85}.Debug|Any CPU.Build.0 = Debug|Any CPU
		{B75E32F8-557F-411E-9F82-FB1BA669FB85}.Release|Any CPU.ActiveCfg = Release|Any CPU
		{B75E32F8-557F-411E-9F82-FB1BA669FB85}.Release|Any CPU.Build.0 = Release|Any CPU
	EndGlobalSection
	GlobalSection(SolutionProperties) = preSolution
		HideSolutionNode = FALSE
	EndGlobalSection
	GlobalSection(NestedProjects) = preSolution
		{AE171C23-0055-4DE8-B768-E21BD8D51A74} = {E571D506-7F8A-4565-A030-184F05876514}
		{9454C058-F082-4907-B282-152E0B31558E} = {E571D506-7F8A-4565-A030-184F05876514}
		{797C0AD3-452E-4B64-AC07-A5BD8EFA6860} = {E571D506-7F8A-4565-A030-184F05876514}
		{B3BE4B09-30AE-4EFD-80A6-E212B8873C2F} = {E571D506-7F8A-4565-A030-184F05876514}
		{EC84C2CE-F42F-4C34-A88D-1BACFF318EC3} = {342E5F48-F5FA-43B4-8DE5-D16596E5F67B}
		{B75E32F8-557F-411E-9F82-FB1BA669FB85} = {342E5F48-F5FA-43B4-8DE5-D16596E5F67B}
	EndGlobalSection
	GlobalSection(ExtensibilityGlobals) = postSolution
		SolutionGuid = {7157EA89-33BF-4302-B32B-CCEB7BC77B75}
	EndGlobalSection
EndGlobal
